// !$*UTF8*$!
{
	archiveVersion = 1;
	classes = {
	};
	objectVersion = 46;
	objects = {

/* Begin PBXBuildFile section */
		131F6C1E1E4AF80B002F5355 /* PageContentView.swift in Sources */ = {isa = PBXBuildFile; fileRef = 131F6C1D1E4AF80B002F5355 /* PageContentView.swift */; };
		131F6C201E4B01FD002F5355 /* UIColorExtension.swift in Sources */ = {isa = PBXBuildFile; fileRef = 131F6C1F1E4B01FC002F5355 /* UIColorExtension.swift */; };
		134D7FA71E482D9100DC03F7 /* AppDelegate.swift in Sources */ = {isa = PBXBuildFile; fileRef = 134D7FA61E482D9100DC03F7 /* AppDelegate.swift */; };
		134D7FAC1E482D9100DC03F7 /* Main.storyboard in Resources */ = {isa = PBXBuildFile; fileRef = 134D7FAA1E482D9100DC03F7 /* Main.storyboard */; };
		134D7FAE1E482D9100DC03F7 /* Assets.xcassets in Resources */ = {isa = PBXBuildFile; fileRef = 134D7FAD1E482D9100DC03F7 /* Assets.xcassets */; };
		134D7FB11E482D9100DC03F7 /* LaunchScreen.storyboard in Resources */ = {isa = PBXBuildFile; fileRef = 134D7FAF1E482D9100DC03F7 /* LaunchScreen.storyboard */; };
		136897C51E49641900053F74 /* Home.storyboard in Resources */ = {isa = PBXBuildFile; fileRef = 136897C31E49641900053F74 /* Home.storyboard */; };
		136897C81E49644800053F74 /* Live.storyboard in Resources */ = {isa = PBXBuildFile; fileRef = 136897C61E49644800053F74 /* Live.storyboard */; };
		136897CB1E49646300053F74 /* Follow.storyboard in Resources */ = {isa = PBXBuildFile; fileRef = 136897C91E49646300053F74 /* Follow.storyboard */; };
		136897CE1E49647600053F74 /* Me.storyboard in Resources */ = {isa = PBXBuildFile; fileRef = 136897CC1E49647600053F74 /* Me.storyboard */; };
		136897D81E49691E00053F74 /* MainViewController.swift in Sources */ = {isa = PBXBuildFile; fileRef = 136897D51E49691E00053F74 /* MainViewController.swift */; };
		136897DA1E49695500053F74 /* HomeViewController.swift in Sources */ = {isa = PBXBuildFile; fileRef = 136897D91E49695500053F74 /* HomeViewController.swift */; };
		136897DD1E49780C00053F74 /* UIBarButtonItem-Extension.swift in Sources */ = {isa = PBXBuildFile; fileRef = 136897DC1E49780C00053F74 /* UIBarButtonItem-Extension.swift */; };
		136897DF1E49BECC00053F74 /* PageTitleView.swift in Sources */ = {isa = PBXBuildFile; fileRef = 136897DE1E49BECC00053F74 /* PageTitleView.swift */; };
		136897E11E49C41E00053F74 /* Common.swift in Sources */ = {isa = PBXBuildFile; fileRef = 136897E01E49C41E00053F74 /* Common.swift */; };
/* End PBXBuildFile section */

/* Begin PBXFileReference section */
		131F6C1D1E4AF80B002F5355 /* PageContentView.swift */ = {isa = PBXFileReference; fileEncoding = 4; lastKnownFileType = sourcecode.swift; path = PageContentView.swift; sourceTree = "<group>"; };
		131F6C1F1E4B01FC002F5355 /* UIColorExtension.swift */ = {isa = PBXFileReference; fileEncoding = 4; lastKnownFileType = sourcecode.swift; path = UIColorExtension.swift; sourceTree = "<group>"; };
		134D7FA31E482D9100DC03F7 /* SHA_DYZB.app */ = {isa = PBXFileReference; explicitFileType = wrapper.application; includeInIndex = 0; path = SHA_DYZB.app; sourceTree = BUILT_PRODUCTS_DIR; };
		134D7FA61E482D9100DC03F7 /* AppDelegate.swift */ = {isa = PBXFileReference; lastKnownFileType = sourcecode.swift; path = AppDelegate.swift; sourceTree = "<group>"; };
		134D7FAB1E482D9100DC03F7 /* Base */ = {isa = PBXFileReference; lastKnownFileType = file.storyboard; name = Base; path = Base.lproj/Main.storyboard; sourceTree = "<group>"; };
		134D7FAD1E482D9100DC03F7 /* Assets.xcassets */ = {isa = PBXFileReference; lastKnownFileType = folder.assetcatalog; path = Assets.xcassets; sourceTree = "<group>"; };
		134D7FB01E482D9100DC03F7 /* Base */ = {isa = PBXFileReference; lastKnownFileType = file.storyboard; name = Base; path = Base.lproj/LaunchScreen.storyboard; sourceTree = "<group>"; };
		134D7FB21E482D9100DC03F7 /* Info.plist */ = {isa = PBXFileReference; lastKnownFileType = text.plist.xml; path = Info.plist; sourceTree = "<group>"; };
		136897C41E49641900053F74 /* Base */ = {isa = PBXFileReference; lastKnownFileType = file.storyboard; name = Base; path = Base.lproj/Home.storyboard; sourceTree = "<group>"; };
		136897C71E49644800053F74 /* Base */ = {isa = PBXFileReference; lastKnownFileType = file.storyboard; name = Base; path = Base.lproj/Live.storyboard; sourceTree = "<group>"; };
		136897CA1E49646300053F74 /* Base */ = {isa = PBXFileReference; lastKnownFileType = file.storyboard; name = Base; path = Base.lproj/Follow.storyboard; sourceTree = "<group>"; };
		136897CD1E49647600053F74 /* Base */ = {isa = PBXFileReference; lastKnownFileType = file.storyboard; name = Base; path = Base.lproj/Me.storyboard; sourceTree = "<group>"; };
		136897D51E49691E00053F74 /* MainViewController.swift */ = {isa = PBXFileReference; fileEncoding = 4; lastKnownFileType = sourcecode.swift; path = MainViewController.swift; sourceTree = "<group>"; };
		136897D91E49695500053F74 /* HomeViewController.swift */ = {isa = PBXFileReference; fileEncoding = 4; lastKnownFileType = sourcecode.swift; path = HomeViewController.swift; sourceTree = "<group>"; };
		136897DC1E49780C00053F74 /* UIBarButtonItem-Extension.swift */ = {isa = PBXFileReference; fileEncoding = 4; lastKnownFileType = sourcecode.swift; path = "UIBarButtonItem-Extension.swift"; sourceTree = "<group>"; };
		136897DE1E49BECC00053F74 /* PageTitleView.swift */ = {isa = PBXFileReference; fileEncoding = 4; lastKnownFileType = sourcecode.swift; path = PageTitleView.swift; sourceTree = "<group>"; };
		136897E01E49C41E00053F74 /* Common.swift */ = {isa = PBXFileReference; fileEncoding = 4; lastKnownFileType = sourcecode.swift; path = Common.swift; sourceTree = "<group>"; };
/* End PBXFileReference section */

/* Begin PBXFrameworksBuildPhase section */
		134D7FA01E482D9100DC03F7 /* Frameworks */ = {
			isa = PBXFrameworksBuildPhase;
			buildActionMask = 2147483647;
			files = (
			);
			runOnlyForDeploymentPostprocessing = 0;
		};
/* End PBXFrameworksBuildPhase section */

/* Begin PBXGroup section */
		134D7F9A1E482D9100DC03F7 = {
			isa = PBXGroup;
			children = (
				134D7FA51E482D9100DC03F7 /* SHA_DYZB */,
				134D7FA41E482D9100DC03F7 /* Products */,
			);
			sourceTree = "<group>";
		};
		134D7FA41E482D9100DC03F7 /* Products */ = {
			isa = PBXGroup;
			children = (
				134D7FA31E482D9100DC03F7 /* SHA_DYZB.app */,
			);
			name = Products;
			sourceTree = "<group>";
		};
		134D7FA51E482D9100DC03F7 /* SHA_DYZB */ = {
			isa = PBXGroup;
			children = (
				134D7FB81E48553900DC03F7 /* Classes */,
				134D7FA61E482D9100DC03F7 /* AppDelegate.swift */,
				134D7FAD1E482D9100DC03F7 /* Assets.xcassets */,
				134D7FAF1E482D9100DC03F7 /* LaunchScreen.storyboard */,
				134D7FB21E482D9100DC03F7 /* Info.plist */,
			);
			path = SHA_DYZB;
			sourceTree = "<group>";
		};
		134D7FB81E48553900DC03F7 /* Classes */ = {
			isa = PBXGroup;
			children = (
				134D7FBC1E48553900DC03F7 /* Main */,
				134D7FBA1E48553900DC03F7 /* Home */,
				134D7FBB1E48553900DC03F7 /* Live */,
				134D7FBD1E48553900DC03F7 /* Me */,
				134D7FB91E48553900DC03F7 /* Follow */,
				134D7FBE1E48553900DC03F7 /* Tools */,
			);
			path = Classes;
			sourceTree = "<group>";
		};
		134D7FB91E48553900DC03F7 /* Follow */ = {
			isa = PBXGroup;
			children = (
				136897C91E49646300053F74 /* Follow.storyboard */,
			);
			path = Follow;
			sourceTree = "<group>";
		};
		134D7FBA1E48553900DC03F7 /* Home */ = {
			isa = PBXGroup;
			children = (
				136897C31E49641900053F74 /* Home.storyboard */,
				136897D11E4968CB00053F74 /* Controller */,
				136897D21E4968CB00053F74 /* Model */,
				136897D31E4968CB00053F74 /* View */,
			);
			path = Home;
			sourceTree = "<group>";
		};
		134D7FBB1E48553900DC03F7 /* Live */ = {
			isa = PBXGroup;
			children = (
				136897C61E49644800053F74 /* Live.storyboard */,
			);
			path = Live;
			sourceTree = "<group>";
		};
		134D7FBC1E48553900DC03F7 /* Main */ = {
			isa = PBXGroup;
			children = (
				134D7FAA1E482D9100DC03F7 /* Main.storyboard */,
				136897D41E49691E00053F74 /* Controller */,
				136897D61E49691E00053F74 /* Model */,
				136897D71E49691E00053F74 /* View */,
			);
			path = Main;
			sourceTree = "<group>";
		};
		134D7FBD1E48553900DC03F7 /* Me */ = {
			isa = PBXGroup;
			children = (
				136897CC1E49647600053F74 /* Me.storyboard */,
			);
			path = Me;
			sourceTree = "<group>";
		};
		134D7FBE1E48553900DC03F7 /* Tools */ = {
			isa = PBXGroup;
			children = (
				136897DB1E4975E500053F74 /* Extension */,
			);
			path = Tools;
			sourceTree = "<group>";
		};
		136897D11E4968CB00053F74 /* Controller */ = {
			isa = PBXGroup;
			children = (
				136897D91E49695500053F74 /* HomeViewController.swift */,
			);
			path = Controller;
			sourceTree = "<group>";
		};
		136897D21E4968CB00053F74 /* Model */ = {
			isa = PBXGroup;
			children = (
			);
			path = Model;
			sourceTree = "<group>";
		};
		136897D31E4968CB00053F74 /* View */ = {
			isa = PBXGroup;
			children = (
			);
			path = View;
			sourceTree = "<group>";
		};
		136897D41E49691E00053F74 /* Controller */ = {
			isa = PBXGroup;
			children = (
				136897D51E49691E00053F74 /* MainViewController.swift */,
			);
			path = Controller;
			sourceTree = "<group>";
		};
		136897D61E49691E00053F74 /* Model */ = {
			isa = PBXGroup;
			children = (
			);
			path = Model;
			sourceTree = "<group>";
		};
		136897D71E49691E00053F74 /* View */ = {
			isa = PBXGroup;
			children = (
				136897DE1E49BECC00053F74 /* PageTitleView.swift */,
				131F6C1D1E4AF80B002F5355 /* PageContentView.swift */,
			);
			path = View;
			sourceTree = "<group>";
		};
		136897DB1E4975E500053F74 /* Extension */ = {
			isa = PBXGroup;
			children = (
				136897DC1E49780C00053F74 /* UIBarButtonItem-Extension.swift */,
				131F6C1F1E4B01FC002F5355 /* UIColorExtension.swift */,
				136897E01E49C41E00053F74 /* Common.swift */,
			);
			path = Extension;
			sourceTree = "<group>";
		};
/* End PBXGroup section */

/* Begin PBXNativeTarget section */
		134D7FA21E482D9100DC03F7 /* SHA_DYZB */ = {
			isa = PBXNativeTarget;
			buildConfigurationList = 134D7FB51E482D9100DC03F7 /* Build configuration list for PBXNativeTarget "SHA_DYZB" */;
			buildPhases = (
				134D7F9F1E482D9100DC03F7 /* Sources */,
				134D7FA01E482D9100DC03F7 /* Frameworks */,
				134D7FA11E482D9100DC03F7 /* Resources */,
			);
			buildRules = (
			);
			dependencies = (
			);
			name = SHA_DYZB;
			productName = SHA_DYZB;
			productReference = 134D7FA31E482D9100DC03F7 /* SHA_DYZB.app */;
			productType = "com.apple.product-type.application";
		};
/* End PBXNativeTarget section */

/* Begin PBXProject section */
		134D7F9B1E482D9100DC03F7 /* Project object */ = {
			isa = PBXProject;
			attributes = {
				LastSwiftUpdateCheck = 0820;
				LastUpgradeCheck = 0820;
				ORGANIZATIONNAME = "鼎";
				TargetAttributes = {
					134D7FA21E482D9100DC03F7 = {
						CreatedOnToolsVersion = 8.2.1;
						DevelopmentTeam = 4XZS958PPA;
						ProvisioningStyle = Automatic;
					};
				};
			};
			buildConfigurationList = 134D7F9E1E482D9100DC03F7 /* Build configuration list for PBXProject "SHA_DYZB" */;
			compatibilityVersion = "Xcode 3.2";
			developmentRegion = English;
			hasScannedForEncodings = 0;
			knownRegions = (
				en,
				Base,
			);
			mainGroup = 134D7F9A1E482D9100DC03F7;
			productRefGroup = 134D7FA41E482D9100DC03F7 /* Products */;
			projectDirPath = "";
			projectRoot = "";
			targets = (
				134D7FA21E482D9100DC03F7 /* SHA_DYZB */,
			);
		};
/* End PBXProject section */

/* Begin PBXResourcesBuildPhase section */
		134D7FA11E482D9100DC03F7 /* Resources */ = {
			isa = PBXResourcesBuildPhase;
			buildActionMask = 2147483647;
			files = (
				134D7FB11E482D9100DC03F7 /* LaunchScreen.storyboard in Resources */,
				134D7FAE1E482D9100DC03F7 /* Assets.xcassets in Resources */,
				134D7FAC1E482D9100DC03F7 /* Main.storyboard in Resources */,
				136897C81E49644800053F74 /* Live.storyboard in Resources */,
				136897C51E49641900053F74 /* Home.storyboard in Resources */,
				136897CE1E49647600053F74 /* Me.storyboard in Resources */,
				136897CB1E49646300053F74 /* Follow.storyboard in Resources */,
			);
			runOnlyForDeploymentPostprocessing = 0;
		};
/* End PBXResourcesBuildPhase section */

/* Begin PBXSourcesBuildPhase section */
		134D7F9F1E482D9100DC03F7 /* Sources */ = {
			isa = PBXSourcesBuildPhase;
			buildActionMask = 2147483647;
			files = (
				134D7FA71E482D9100DC03F7 /* AppDelegate.swift in Sources */,
				136897D81E49691E00053F74 /* MainViewController.swift in Sources */,
				136897DF1E49BECC00053F74 /* PageTitleView.swift in Sources */,
				131F6C201E4B01FD002F5355 /* UIColorExtension.swift in Sources */,
				131F6C1E1E4AF80B002F5355 /* PageContentView.swift in Sources */,
				136897DD1E49780C00053F74 /* UIBarButtonItem-Extension.swift in Sources */,
				136897E11E49C41E00053F74 /* Common.swift in Sources */,
				136897DA1E49695500053F74 /* HomeViewController.swift in Sources */,
			);
			runOnlyForDeploymentPostprocessing = 0;
		};
/* End PBXSourcesBuildPhase section */

/* Begin PBXVariantGroup section */
		134D7FAA1E482D9100DC03F7 /* Main.storyboard */ = {
			isa = PBXVariantGroup;
			children = (
				134D7FAB1E482D9100DC03F7 /* Base */,
			);
			name = Main.storyboard;
			path = ../..;
			sourceTree = "<group>";
		};
		134D7FAF1E482D9100DC03F7 /* LaunchScreen.storyboard */ = {
			isa = PBXVariantGroup;
			children = (
				134D7FB01E482D9100DC03F7 /* Base */,
			);
			name = LaunchScreen.storyboard;
			sourceTree = "<group>";
		};
		136897C31E49641900053F74 /* Home.storyboard */ = {
			isa = PBXVariantGroup;
			children = (
				136897C41E49641900053F74 /* Base */,
			);
			name = Home.storyboard;
			path = ../..;
			sourceTree = "<group>";
		};
		136897C61E49644800053F74 /* Live.storyboard */ = {
			isa = PBXVariantGroup;
			children = (
				136897C71E49644800053F74 /* Base */,
			);
			name = Live.storyboard;
			path = ../..;
			sourceTree = "<group>";
		};
		136897C91E49646300053F74 /* Follow.storyboard */ = {
			isa = PBXVariantGroup;
			children = (
				136897CA1E49646300053F74 /* Base */,
			);
			name = Follow.storyboard;
			path = ../..;
			sourceTree = "<group>";
		};
		136897CC1E49647600053F74 /* Me.storyboard */ = {
			isa = PBXVariantGroup;
			children = (
				136897CD1E49647600053F74 /* Base */,
			);
			name = Me.storyboard;
			path = ../..;
			sourceTree = "<group>";
		};
/* End PBXVariantGroup section */

/* Begin XCBuildConfiguration section */
		134D7FB31E482D9100DC03F7 /* Debug */ = {
			isa = XCBuildConfiguration;
			buildSettings = {
				ALWAYS_SEARCH_USER_PATHS = NO;
				CLANG_ANALYZER_NONNULL = YES;
				CLANG_CXX_LANGUAGE_STANDARD = "gnu++0x";
				CLANG_CXX_LIBRARY = "libc++";
				CLANG_ENABLE_MODULES = YES;
				CLANG_ENABLE_OBJC_ARC = YES;
				CLANG_WARN_BOOL_CONVERSION = YES;
				CLANG_WARN_CONSTANT_CONVERSION = YES;
				CLANG_WARN_DIRECT_OBJC_ISA_USAGE = YES_ERROR;
				CLANG_WARN_DOCUMENTATION_COMMENTS = YES;
				CLANG_WARN_EMPTY_BODY = YES;
				CLANG_WARN_ENUM_CONVERSION = YES;
				CLANG_WARN_INFINITE_RECURSION = YES;
				CLANG_WARN_INT_CONVERSION = YES;
				CLANG_WARN_OBJC_ROOT_CLASS = YES_ERROR;
				CLANG_WARN_SUSPICIOUS_MOVE = YES;
				CLANG_WARN_UNREACHABLE_CODE = YES;
				CLANG_WARN__DUPLICATE_METHOD_MATCH = YES;
				"CODE_SIGN_IDENTITY[sdk=iphoneos*]" = "iPhone Developer";
				COPY_PHASE_STRIP = NO;
				DEBUG_INFORMATION_FORMAT = dwarf;
				ENABLE_STRICT_OBJC_MSGSEND = YES;
				ENABLE_TESTABILITY = YES;
				GCC_C_LANGUAGE_STANDARD = gnu99;
				GCC_DYNAMIC_NO_PIC = NO;
				GCC_NO_COMMON_BLOCKS = YES;
				GCC_OPTIMIZATION_LEVEL = 0;
				GCC_PREPROCESSOR_DEFINITIONS = (
					"DEBUG=1",
					"$(inherited)",
				);
				GCC_WARN_64_TO_32_BIT_CONVERSION = YES;
				GCC_WARN_ABOUT_RETURN_TYPE = YES_ERROR;
				GCC_WARN_UNDECLARED_SELECTOR = YES;
				GCC_WARN_UNINITIALIZED_AUTOS = YES_AGGRESSIVE;
				GCC_WARN_UNUSED_FUNCTION = YES;
				GCC_WARN_UNUSED_VARIABLE = YES;
				IPHONEOS_DEPLOYMENT_TARGET = 10.2;
				MTL_ENABLE_DEBUG_INFO = YES;
				ONLY_ACTIVE_ARCH = YES;
				SDKROOT = iphoneos;
				SWIFT_ACTIVE_COMPILATION_CONDITIONS = DEBUG;
				SWIFT_OPTIMIZATION_LEVEL = "-Onone";
			};
			name = Debug;
		};
		134D7FB41E482D9100DC03F7 /* Release */ = {
			isa = XCBuildConfiguration;
			buildSettings = {
				ALWAYS_SEARCH_USER_PATHS = NO;
				CLANG_ANALYZER_NONNULL = YES;
				CLANG_CXX_LANGUAGE_STANDARD = "gnu++0x";
				CLANG_CXX_LIBRARY = "libc++";
				CLANG_ENABLE_MODULES = YES;
				CLANG_ENABLE_OBJC_ARC = YES;
				CLANG_WARN_BOOL_CONVERSION = YES;
				CLANG_WARN_CONSTANT_CONVERSION = YES;
				CLANG_WARN_DIRECT_OBJC_ISA_USAGE = YES_ERROR;
				CLANG_WARN_DOCUMENTATION_COMMENTS = YES;
				CLANG_WARN_EMPTY_BODY = YES;
				CLANG_WARN_ENUM_CONVERSION = YES;
				CLANG_WARN_INFINITE_RECURSION = YES;
				CLANG_WARN_INT_CONVERSION = YES;
				CLANG_WARN_OBJC_ROOT_CLASS = YES_ERROR;
				CLANG_WARN_SUSPICIOUS_MOVE = YES;
				CLANG_WARN_UNREACHABLE_CODE = YES;
				CLANG_WARN__DUPLICATE_METHOD_MATCH = YES;
				"CODE_SIGN_IDENTITY[sdk=iphoneos*]" = "iPhone Developer";
				COPY_PHASE_STRIP = NO;
				DEBUG_INFORMATION_FORMAT = "dwarf-with-dsym";
				ENABLE_NS_ASSERTIONS = NO;
				ENABLE_STRICT_OBJC_MSGSEND = YES;
				GCC_C_LANGUAGE_STANDARD = gnu99;
				GCC_NO_COMMON_BLOCKS = YES;
				GCC_WARN_64_TO_32_BIT_CONVERSION = YES;
				GCC_WARN_ABOUT_RETURN_TYPE = YES_ERROR;
				GCC_WARN_UNDECLARED_SELECTOR = YES;
				GCC_WARN_UNINITIALIZED_AUTOS = YES_AGGRESSIVE;
				GCC_WARN_UNUSED_FUNCTION = YES;
				GCC_WARN_UNUSED_VARIABLE = YES;
				IPHONEOS_DEPLOYMENT_TARGET = 10.2;
				MTL_ENABLE_DEBUG_INFO = NO;
				SDKROOT = iphoneos;
				SWIFT_OPTIMIZATION_LEVEL = "-Owholemodule";
				VALIDATE_PRODUCT = YES;
			};
			name = Release;
		};
		134D7FB61E482D9100DC03F7 /* Debug */ = {
			isa = XCBuildConfiguration;
			buildSettings = {
				ASSETCATALOG_COMPILER_APPICON_NAME = AppIcon;
				ASSETCATALOG_COMPILER_LAUNCHIMAGE_NAME = "Brand Assets";
				DEVELOPMENT_TEAM = 4XZS958PPA;
				INFOPLIST_FILE = SHA_DYZB/Info.plist;
				IPHONEOS_DEPLOYMENT_TARGET = 9.0;
				LD_RUNPATH_SEARCH_PATHS = "$(inherited) @executable_path/Frameworks";
				PRODUCT_BUNDLE_IDENTIFIER = "com.qq.mail.SHA-DYZB";
				PRODUCT_NAME = "$(TARGET_NAME)";
				SWIFT_VERSION = 3.0;
			};
			name = Debug;
		};
		134D7FB71E482D9100DC03F7 /* Release */ = {
			isa = XCBuildConfiguration;
			buildSettings = {
				ASSETCATALOG_COMPILER_APPICON_NAME = AppIcon;
				ASSETCATALOG_COMPILER_LAUNCHIMAGE_NAME = "Brand Assets";
				DEVELOPMENT_TEAM = 4XZS958PPA;
				INFOPLIST_FILE = SHA_DYZB/Info.plist;
				IPHONEOS_DEPLOYMENT_TARGET = 9.0;
				LD_RUNPATH_SEARCH_PATHS = "$(inherited) @executable_path/Frameworks";
				PRODUCT_BUNDLE_IDENTIFIER = "com.qq.mail.SHA-DYZB";
				PRODUCT_NAME = "$(TARGET_NAME)";
				SWIFT_VERSION = 3.0;
			};
			name = Release;
		};
/* End XCBuildConfiguration section */

/* Begin XCConfigurationList section */
		134D7F9E1E482D9100DC03F7 /* Build configuration list for PBXProject "SHA_DYZB" */ = {
			isa = XCConfigurationList;
			buildConfigurations = (
				134D7FB31E482D9100DC03F7 /* Debug */,
				134D7FB41E482D9100DC03F7 /* Release */,
			);
			defaultConfigurationIsVisible = 0;
			defaultConfigurationName = Release;
		};
		134D7FB51E482D9100DC03F7 /* Build configuration list for PBXNativeTarget "SHA_DYZB" */ = {
			isa = XCConfigurationList;
			buildConfigurations = (
				134D7FB61E482D9100DC03F7 /* Debug */,
				134D7FB71E482D9100DC03F7 /* Release */,
			);
			defaultConfigurationIsVisible = 0;
			defaultConfigurationName = Release;
		};
/* End XCConfigurationList section */
	};
	rootObject = 134D7F9B1E482D9100DC03F7 /* Project object */;
}
